
Microsoft Visual Studio Solution File, Format Version 12.00
# Visual Studio Version 16
VisualStudioVersion = 16.0.31605.320
MinimumVisualStudioVersion = 10.0.40219.1
Project("{2150E333-8FDC-42A3-9474-1A3956D46DE8}") = "Services", "Services", "{981731BD-81F3-4496-8F95-F02CB347C27B}"
EndProject
Project("{2150E333-8FDC-42A3-9474-1A3956D46DE8}") = "Catalog", "Catalog", "{C4A05D94-C4FB-4DC3-B951-1B320742C196}"
EndProject
Project("{9A19103F-16F7-4668-BE54-9A1E7A4F7556}") = "Catalog.API", "Services\Catalog\Catalog.API\Catalog.API.csproj", "{B96DD4FB-A086-48E2-A06D-EC9DCB2ADFC5}"
EndProject
Project("{E53339B2-1760-4266-BCC7-CA923CBCF16C}") = "docker-compose", "docker-compose.dcproj", "{D2C3AE3A-01B4-4FA8-8582-8B1D3F00846C}"
EndProject
Project("{2150E333-8FDC-42A3-9474-1A3956D46DE8}") = "Basket", "Basket", "{E75AE769-5386-4D68-BF41-540A23534C44}"
EndProject
Project("{9A19103F-16F7-4668-BE54-9A1E7A4F7556}") = "Basket.API", "Services\Basket\Basket.API\Basket.API.csproj", "{7FB356A2-EA2C-4C1F-827B-AD660CED752A}"
EndProject
Project("{2150E333-8FDC-42A3-9474-1A3956D46DE8}") = "Discount", "Discount", "{8B855121-9289-49A8-ACAD-35EDAE1E7D3B}"
EndProject
Project("{9A19103F-16F7-4668-BE54-9A1E7A4F7556}") = "Discount.API", "Services\Discount\Discount.API\Discount.API.csproj", "{16B7207C-B47A-4BFF-ACAD-E396BCCCC18E}"
EndProject
Project("{FAE04EC0-301F-11D3-BF4B-00C04F79EFBC}") = "Discount.Grpc", "Services\Discount\Discount.Grpc\Discount.Grpc.csproj", "{F9A0A877-5D6B-464B-980B-A521A440F952}"
EndProject
Global
	GlobalSection(SolutionConfigurationPlatforms) = preSolution
		Debug|Any CPU = Debug|Any CPU
		Release|Any CPU = Release|Any CPU
	EndGlobalSection
	GlobalSection(ProjectConfigurationPlatforms) = postSolution
		{B96DD4FB-A086-48E2-A06D-EC9DCB2ADFC5}.Debug|Any CPU.ActiveCfg = Debug|Any CPU
		{B96DD4FB-A086-48E2-A06D-EC9DCB2ADFC5}.Debug|Any CPU.Build.0 = Debug|Any CPU
		{B96DD4FB-A086-48E2-A06D-EC9DCB2ADFC5}.Release|Any CPU.ActiveCfg = Release|Any CPU
		{B96DD4FB-A086-48E2-A06D-EC9DCB2ADFC5}.Release|Any CPU.Build.0 = Release|Any CPU
		{D2C3AE3A-01B4-4FA8-8582-8B1D3F00846C}.Debug|Any CPU.ActiveCfg = Debug|Any CPU
		{D2C3AE3A-01B4-4FA8-8582-8B1D3F00846C}.Debug|Any CPU.Build.0 = Debug|Any CPU
		{D2C3AE3A-01B4-4FA8-8582-8B1D3F00846C}.Release|Any CPU.ActiveCfg = Release|Any CPU
		{D2C3AE3A-01B4-4FA8-8582-8B1D3F00846C}.Release|Any CPU.Build.0 = Release|Any CPU
		{7FB356A2-EA2C-4C1F-827B-AD660CED752A}.Debug|Any CPU.ActiveCfg = Debug|Any CPU
		{7FB356A2-EA2C-4C1F-827B-AD660CED752A}.Debug|Any CPU.Build.0 = Debug|Any CPU
		{7FB356A2-EA2C-4C1F-827B-AD660CED752A}.Release|Any CPU.ActiveCfg = Release|Any CPU
		{7FB356A2-EA2C-4C1F-827B-AD660CED752A}.Release|Any CPU.Build.0 = Release|Any CPU
		{16B7207C-B47A-4BFF-ACAD-E396BCCCC18E}.Debug|Any CPU.ActiveCfg = Debug|Any CPU
		{16B7207C-B47A-4BFF-ACAD-E396BCCCC18E}.Debug|Any CPU.Build.0 = Debug|Any CPU
		{16B7207C-B47A-4BFF-ACAD-E396BCCCC18E}.Release|Any CPU.ActiveCfg = Release|Any CPU
		{16B7207C-B47A-4BFF-ACAD-E396BCCCC18E}.Release|Any CPU.Build.0 = Release|Any CPU
		{F9A0A877-5D6B-464B-980B-A521A440F952}.Debug|Any CPU.ActiveCfg = Debug|Any CPU
		{F9A0A877-5D6B-464B-980B-A521A440F952}.Debug|Any CPU.Build.0 = Debug|Any CPU
		{F9A0A877-5D6B-464B-980B-A521A440F952}.Release|Any CPU.ActiveCfg = Release|Any CPU
		{F9A0A877-5D6B-464B-980B-A521A440F952}.Release|Any CPU.Build.0 = Release|Any CPU
	EndGlobalSection
	GlobalSection(SolutionProperties) = preSolution
		HideSolutionNode = FALSE
	EndGlobalSection
	GlobalSection(NestedProjects) = preSolution
		{C4A05D94-C4FB-4DC3-B951-1B320742C196} = {981731BD-81F3-4496-8F95-F02CB347C27B}
		{B96DD4FB-A086-48E2-A06D-EC9DCB2ADFC5} = {C4A05D94-C4FB-4DC3-B951-1B320742C196}
		{E75AE769-5386-4D68-BF41-540A23534C44} = {981731BD-81F3-4496-8F95-F02CB347C27B}
		{7FB356A2-EA2C-4C1F-827B-AD660CED752A} = {E75AE769-5386-4D68-BF41-540A23534C44}
		{8B855121-9289-49A8-ACAD-35EDAE1E7D3B} = {981731BD-81F3-4496-8F95-F02CB347C27B}
		{16B7207C-B47A-4BFF-ACAD-E396BCCCC18E} = {8B855121-9289-49A8-ACAD-35EDAE1E7D3B}
		{F9A0A877-5D6B-464B-980B-A521A440F952} = {8B855121-9289-49A8-ACAD-35EDAE1E7D3B}
	EndGlobalSection
	GlobalSection(ExtensibilityGlobals) = postSolution
		SolutionGuid = {75369E07-EE90-4BCE-92FA-9795EC5D35BF}
	EndGlobalSection
EndGlobal
